
Microsoft Visual Studio Solution File, Format Version 11.00
# Visual Studio 2010
Project("{FAE04EC0-301F-11D3-BF4B-00C04F79EFBC}") = "PlanetaryRover", "PlanetaryRover.csproj", "{A9DCAC72-BC77-4C33-BE70-BBFD31D7C798}"
EndProject
Global
	GlobalSection(SolutionConfigurationPlatforms) = preSolution
		Debug-Windows|x86 = Debug-Windows|x86
	EndGlobalSection
	GlobalSection(ProjectConfigurationPlatforms) = postSolution
		{A9DCAC72-BC77-4C33-BE70-BBFD31D7C798}.Debug-Windows|x86.ActiveCfg = Debug-Windows|x86
		{A9DCAC72-BC77-4C33-BE70-BBFD31D7C798}.Debug-Windows|x86.Build.0 = Debug-Windows|x86
	EndGlobalSection
EndGlobal
